
Microsoft Visual Studio Solution File, Format Version 12.00
# Visual Studio Version 16
VisualStudioVersion = 16.0.30011.22
MinimumVisualStudioVersion = 10.0.40219.1
Project("{FAE04EC0-301F-11D3-BF4B-00C04F79EFBC}") = "DonusumIslemleri.Android", "DonusumIslemleri\DonusumIslemleri.Android\DonusumIslemleri.Android.csproj", "{F3828705-61A1-4C39-AC4E-487E62E34BCD}"
EndProject
Project("{FAE04EC0-301F-11D3-BF4B-00C04F79EFBC}") = "DonusumIslemleri.iOS", "DonusumIslemleri\DonusumIslemleri.iOS\DonusumIslemleri.iOS.csproj", "{7084D251-F201-44B4-A4F2-927A9F815CF2}"
EndProject
Project("{FAE04EC0-301F-11D3-BF4B-00C04F79EFBC}") = "DonusumIslemleri", "DonusumIslemleri\DonusumIslemleri\DonusumIslemleri.csproj", "{A0E2015D-4112-491C-BA49-C7194AEBADA8}"
EndProject
Global
	GlobalSection(SolutionConfigurationPlatforms) = preSolution
		Debug|Any CPU = Debug|Any CPU
		Debug|iPhone = Debug|iPhone
		Debug|iPhoneSimulator = Debug|iPhoneSimulator
		Release|Any CPU = Release|Any CPU
		Release|iPhone = Release|iPhone
		Release|iPhoneSimulator = Release|iPhoneSimulator
	EndGlobalSection
	GlobalSection(ProjectConfigurationPlatforms) = postSolution
		{F3828705-61A1-4C39-AC4E-487E62E34BCD}.Debug|Any CPU.ActiveCfg = Debug|Any CPU
		{F3828705-61A1-4C39-AC4E-487E62E34BCD}.Debug|Any CPU.Build.0 = Debug|Any CPU
		{F3828705-61A1-4C39-AC4E-487E62E34BCD}.Debug|Any CPU.Deploy.0 = Debug|Any CPU
		{F3828705-61A1-4C39-AC4E-487E62E34BCD}.Debug|iPhone.ActiveCfg = Debug|Any CPU
		{F3828705-61A1-4C39-AC4E-487E62E34BCD}.Debug|iPhone.Build.0 = Debug|Any CPU
		{F3828705-61A1-4C39-AC4E-487E62E34BCD}.Debug|iPhone.Deploy.0 = Debug|Any CPU
		{F3828705-61A1-4C39-AC4E-487E62E34BCD}.Debug|iPhoneSimulator.ActiveCfg = Debug|Any CPU
		{F3828705-61A1-4C39-AC4E-487E62E34BCD}.Debug|iPhoneSimulator.Build.0 = Debug|Any CPU
		{F3828705-61A1-4C39-AC4E-487E62E34BCD}.Debug|iPhoneSimulator.Deploy.0 = Debug|Any CPU
		{F3828705-61A1-4C39-AC4E-487E62E34BCD}.Release|Any CPU.ActiveCfg = Release|Any CPU
		{F3828705-61A1-4C39-AC4E-487E62E34BCD}.Release|Any CPU.Build.0 = Release|Any CPU
		{F3828705-61A1-4C39-AC4E-487E62E34BCD}.Release|Any CPU.Deploy.0 = Release|Any CPU
		{F3828705-61A1-4C39-AC4E-487E62E34BCD}.Release|iPhone.ActiveCfg = Release|Any CPU
		{F3828705-61A1-4C39-AC4E-487E62E34BCD}.Release|iPhone.Build.0 = Release|Any CPU
		{F3828705-61A1-4C39-AC4E-487E62E34BCD}.Release|iPhone.Deploy.0 = Release|Any CPU
		{F3828705-61A1-4C39-AC4E-487E62E34BCD}.Release|iPhoneSimulator.ActiveCfg = Release|Any CPU
		{F3828705-61A1-4C39-AC4E-487E62E34BCD}.Release|iPhoneSimulator.Build.0 = Release|Any CPU
		{F3828705-61A1-4C39-AC4E-487E62E34BCD}.Release|iPhoneSimulator.Deploy.0 = Release|Any CPU
		{7084D251-F201-44B4-A4F2-927A9F815CF2}.Debug|Any CPU.ActiveCfg = Debug|iPhone
		{7084D251-F201-44B4-A4F2-927A9F815CF2}.Debug|Any CPU.Build.0 = Debug|iPhone
		{7084D251-F201-44B4-A4F2-927A9F815CF2}.Debug|Any CPU.Deploy.0 = Debug|iPhone
		{7084D251-F201-44B4-A4F2-927A9F815CF2}.Debug|iPhone.ActiveCfg = Debug|iPhone
		{7084D251-F201-44B4-A4F2-927A9F815CF2}.Debug|iPhone.Build.0 = Debug|iPhone
		{7084D251-F201-44B4-A4F2-927A9F815CF2}.Debug|iPhone.Deploy.0 = Debug|iPhone
		{7084D251-F201-44B4-A4F2-927A9F815CF2}.Debug|iPhoneSimulator.ActiveCfg = Debug|iPhoneSimulator
		{7084D251-F201-44B4-A4F2-927A9F815CF2}.Debug|iPhoneSimulator.Build.0 = Debug|iPhoneSimulator
		{7084D251-F201-44B4-A4F2-927A9F815CF2}.Debug|iPhoneSimulator.Deploy.0 = Debug|iPhoneSimulator
		{7084D251-F201-44B4-A4F2-927A9F815CF2}.Release|Any CPU.ActiveCfg = Release|iPhone
		{7084D251-F201-44B4-A4F2-927A9F815CF2}.Release|Any CPU.Build.0 = Release|iPhone
		{7084D251-F201-44B4-A4F2-927A9F815CF2}.Release|Any CPU.Deploy.0 = Release|iPhone
		{7084D251-F201-44B4-A4F2-927A9F815CF2}.Release|iPhone.ActiveCfg = Release|iPhone
		{7084D251-F201-44B4-A4F2-927A9F815CF2}.Release|iPhone.Build.0 = Release|iPhone
		{7084D251-F201-44B4-A4F2-927A9F815CF2}.Release|iPhone.Deploy.0 = Release|iPhone
		{7084D251-F201-44B4-A4F2-927A9F815CF2}.Release|iPhoneSimulator.ActiveCfg = Release|iPhoneSimulator
		{7084D251-F201-44B4-A4F2-927A9F815CF2}.Release|iPhoneSimulator.Build.0 = Release|iPhoneSimulator
		{7084D251-F201-44B4-A4F2-927A9F815CF2}.Release|iPhoneSimulator.Deploy.0 = Release|iPhoneSimulator
		{A0E2015D-4112-491C-BA49-C7194AEBADA8}.Debug|Any CPU.ActiveCfg = Debug|Any CPU
		{A0E2015D-4112-491C-BA49-C7194AEBADA8}.Debug|Any CPU.Build.0 = Debug|Any CPU
		{A0E2015D-4112-491C-BA49-C7194AEBADA8}.Debug|Any CPU.Deploy.0 = Debug|Any CPU
		{A0E2015D-4112-491C-BA49-C7194AEBADA8}.Debug|iPhone.ActiveCfg = Debug|Any CPU
		{A0E2015D-4112-491C-BA49-C7194AEBADA8}.Debug|iPhone.Build.0 = Debug|Any CPU
		{A0E2015D-4112-491C-BA49-C7194AEBADA8}.Debug|iPhone.Deploy.0 = Debug|Any CPU
		{A0E2015D-4112-491C-BA49-C7194AEBADA8}.Debug|iPhoneSimulator.ActiveCfg = Debug|Any CPU
		{A0E2015D-4112-491C-BA49-C7194AEBADA8}.Debug|iPhoneSimulator.Build.0 = Debug|Any CPU
		{A0E2015D-4112-491C-BA49-C7194AEBADA8}.Debug|iPhoneSimulator.Deploy.0 = Debug|Any CPU
		{A0E2015D-4112-491C-BA49-C7194AEBADA8}.Release|Any CPU.ActiveCfg = Release|Any CPU
		{A0E2015D-4112-491C-BA49-C7194AEBADA8}.Release|Any CPU.Build.0 = Release|Any CPU
		{A0E2015D-4112-491C-BA49-C7194AEBADA8}.Release|Any CPU.Deploy.0 = Release|Any CPU
		{A0E2015D-4112-491C-BA49-C7194AEBADA8}.Release|iPhone.ActiveCfg = Release|Any CPU
		{A0E2015D-4112-491C-BA49-C7194AEBADA8}.Release|iPhone.Build.0 = Release|Any CPU
		{A0E2015D-4112-491C-BA49-C7194AEBADA8}.Release|iPhone.Deploy.0 = Release|Any CPU
		{A0E2015D-4112-491C-BA49-C7194AEBADA8}.Release|iPhoneSimulator.ActiveCfg = Release|Any CPU
		{A0E2015D-4112-491C-BA49-C7194AEBADA8}.Release|iPhoneSimulator.Build.0 = Release|Any CPU
		{A0E2015D-4112-491C-BA49-C7194AEBADA8}.Release|iPhoneSimulator.Deploy.0 = Release|Any CPU
	EndGlobalSection
	GlobalSection(SolutionProperties) = preSolution
		HideSolutionNode = FALSE
	EndGlobalSection
	GlobalSection(ExtensibilityGlobals) = postSolution
		SolutionGuid = {6F3F33DD-C371-4052-B64A-0776F74DD541}
	EndGlobalSection
EndGlobal
